
Microsoft Visual Studio Solution File, Format Version 12.00
# Visual Studio 14
VisualStudioVersion = 14.0.25420.1
MinimumVisualStudioVersion = 10.0.40219.1
Project("{FAE04EC0-301F-11D3-BF4B-00C04F79EFBC}") = "Klasė", "Klasė.csproj", "{75448F2D-9727-4E73-B5F2-8C3DC50C5C3B}"
EndProject
Project("{FAE04EC0-301F-11D3-BF4B-00C04F79EFBC}") = "Savarankiškas_2_1", "..\Savarankiškas_2_1\Savarankiškas_2_1.csproj", "{9A6A6B11-C3E8-4C26-ABB4-A7061C14C4C2}"
EndProject
Project("{FAE04EC0-301F-11D3-BF4B-00C04F79EFBC}") = "Savarankiškas_2_2", "Savarankiškas_2_2\Savarankiškas_2_2.csproj", "{DA22B4A8-F370-4464-A1FE-FD0F5982B1BC}"
EndProject
Project("{FAE04EC0-301F-11D3-BF4B-00C04F79EFBC}") = "2 užduotis", "2 užduotis\2 užduotis.csproj", "{A9A55814-3B2A-42E2-B1B2-62D8DA56BA85}"
EndProject
Project("{FAE04EC0-301F-11D3-BF4B-00C04F79EFBC}") = "Savarankiškas_2_3", "Savarankiškas_2_3\Savarankiškas_2_3.csproj", "{40E6B546-C274-4366-B26B-1464E62CC240}"
EndProject
Project("{FAE04EC0-301F-11D3-BF4B-00C04F79EFBC}") = "Savarankiškas_2_4", "Savarankiškas_2_4\Savarankiškas_2_4.csproj", "{1164A24F-C114-4FF7-ACEE-A1EF8B51DE4E}"
EndProject
Project("{FAE04EC0-301F-11D3-BF4B-00C04F79EFBC}") = "U_23", "..\U_23\U_23.csproj", "{A01A901F-151D-4901-BC2B-2181A64EB867}"
EndProject
Global
	GlobalSection(SolutionConfigurationPlatforms) = preSolution
		Debug|Any CPU = Debug|Any CPU
		Release|Any CPU = Release|Any CPU
	EndGlobalSection
	GlobalSection(ProjectConfigurationPlatforms) = postSolution
		{75448F2D-9727-4E73-B5F2-8C3DC50C5C3B}.Debug|Any CPU.ActiveCfg = Debug|Any CPU
		{75448F2D-9727-4E73-B5F2-8C3DC50C5C3B}.Debug|Any CPU.Build.0 = Debug|Any CPU
		{75448F2D-9727-4E73-B5F2-8C3DC50C5C3B}.Release|Any CPU.ActiveCfg = Release|Any CPU
		{75448F2D-9727-4E73-B5F2-8C3DC50C5C3B}.Release|Any CPU.Build.0 = Release|Any CPU
		{9A6A6B11-C3E8-4C26-ABB4-A7061C14C4C2}.Debug|Any CPU.ActiveCfg = Debug|Any CPU
		{9A6A6B11-C3E8-4C26-ABB4-A7061C14C4C2}.Debug|Any CPU.Build.0 = Debug|Any CPU
		{9A6A6B11-C3E8-4C26-ABB4-A7061C14C4C2}.Release|Any CPU.ActiveCfg = Release|Any CPU
		{9A6A6B11-C3E8-4C26-ABB4-A7061C14C4C2}.Release|Any CPU.Build.0 = Release|Any CPU
		{DA22B4A8-F370-4464-A1FE-FD0F5982B1BC}.Debug|Any CPU.ActiveCfg = Debug|Any CPU
		{DA22B4A8-F370-4464-A1FE-FD0F5982B1BC}.Debug|Any CPU.Build.0 = Debug|Any CPU
		{DA22B4A8-F370-4464-A1FE-FD0F5982B1BC}.Release|Any CPU.ActiveCfg = Release|Any CPU
		{DA22B4A8-F370-4464-A1FE-FD0F5982B1BC}.Release|Any CPU.Build.0 = Release|Any CPU
		{A9A55814-3B2A-42E2-B1B2-62D8DA56BA85}.Debug|Any CPU.ActiveCfg = Debug|Any CPU
		{A9A55814-3B2A-42E2-B1B2-62D8DA56BA85}.Debug|Any CPU.Build.0 = Debug|Any CPU
		{A9A55814-3B2A-42E2-B1B2-62D8DA56BA85}.Release|Any CPU.ActiveCfg = Release|Any CPU
		{A9A55814-3B2A-42E2-B1B2-62D8DA56BA85}.Release|Any CPU.Build.0 = Release|Any CPU
		{40E6B546-C274-4366-B26B-1464E62CC240}.Debug|Any CPU.ActiveCfg = Debug|Any CPU
		{40E6B546-C274-4366-B26B-1464E62CC240}.Debug|Any CPU.Build.0 = Debug|Any CPU
		{40E6B546-C274-4366-B26B-1464E62CC240}.Release|Any CPU.ActiveCfg = Release|Any CPU
		{40E6B546-C274-4366-B26B-1464E62CC240}.Release|Any CPU.Build.0 = Release|Any CPU
		{1164A24F-C114-4FF7-ACEE-A1EF8B51DE4E}.Debug|Any CPU.ActiveCfg = Debug|Any CPU
		{1164A24F-C114-4FF7-ACEE-A1EF8B51DE4E}.Debug|Any CPU.Build.0 = Debug|Any CPU
		{1164A24F-C114-4FF7-ACEE-A1EF8B51DE4E}.Release|Any CPU.ActiveCfg = Release|Any CPU
		{1164A24F-C114-4FF7-ACEE-A1EF8B51DE4E}.Release|Any CPU.Build.0 = Release|Any CPU
		{A01A901F-151D-4901-BC2B-2181A64EB867}.Debug|Any CPU.ActiveCfg = Debug|Any CPU
		{A01A901F-151D-4901-BC2B-2181A64EB867}.Debug|Any CPU.Build.0 = Debug|Any CPU
		{A01A901F-151D-4901-BC2B-2181A64EB867}.Release|Any CPU.ActiveCfg = Release|Any CPU
		{A01A901F-151D-4901-BC2B-2181A64EB867}.Release|Any CPU.Build.0 = Release|Any CPU
	EndGlobalSection
	GlobalSection(SolutionProperties) = preSolution
		HideSolutionNode = FALSE
	EndGlobalSection
EndGlobal
