
Microsoft Visual Studio Solution File, Format Version 12.00
# Visual Studio 15
VisualStudioVersion = 15.0.27130.2024
MinimumVisualStudioVersion = 10.0.40219.1
Project("{E24C65DC-7377-472B-9ABA-BC803B73C61A}") = "AntrasWeb", "AntrasWeb\", "{C590A7ED-E1FC-4D8A-A7AF-1C99498ECE06}"
	ProjectSection(WebsiteProperties) = preProject
		TargetFrameworkMoniker = ".NETFramework,Version%3Dv4.6.1"
		Debug.AspNetCompiler.VirtualPath = "/localhost_51705"
		Debug.AspNetCompiler.PhysicalPath = "AntrasWeb\"
		Debug.AspNetCompiler.TargetPath = "PrecompiledWeb\localhost_51705\"
		Debug.AspNetCompiler.Updateable = "true"
		Debug.AspNetCompiler.ForceOverwrite = "true"
		Debug.AspNetCompiler.FixedNames = "false"
		Debug.AspNetCompiler.Debug = "True"
		Release.AspNetCompiler.VirtualPath = "/localhost_51705"
		Release.AspNetCompiler.PhysicalPath = "AntrasWeb\"
		Release.AspNetCompiler.TargetPath = "PrecompiledWeb\localhost_51705\"
		Release.AspNetCompiler.Updateable = "true"
		Release.AspNetCompiler.ForceOverwrite = "true"
		Release.AspNetCompiler.FixedNames = "false"
		Release.AspNetCompiler.Debug = "False"
		VWDPort = "51705"
		SlnRelativePath = "AntrasWeb\"
		DefaultWebSiteLanguage = "Visual C#"
	EndProjectSection
EndProject
Global
	GlobalSection(SolutionConfigurationPlatforms) = preSolution
		Debug|Any CPU = Debug|Any CPU
	EndGlobalSection
	GlobalSection(ProjectConfigurationPlatforms) = postSolution
		{C590A7ED-E1FC-4D8A-A7AF-1C99498ECE06}.Debug|Any CPU.ActiveCfg = Debug|Any CPU
		{C590A7ED-E1FC-4D8A-A7AF-1C99498ECE06}.Debug|Any CPU.Build.0 = Debug|Any CPU
	EndGlobalSection
	GlobalSection(SolutionProperties) = preSolution
		HideSolutionNode = FALSE
	EndGlobalSection
	GlobalSection(ExtensibilityGlobals) = postSolution
		SolutionGuid = {64220D48-6E49-448C-973F-E0CCE6650B1F}
	EndGlobalSection
EndGlobal
