
Microsoft Visual Studio Solution File, Format Version 12.00
# Visual Studio 14
VisualStudioVersion = 14.0.24720.0
MinimumVisualStudioVersion = 10.0.40219.1
Project("{FAE04EC0-301F-11D3-BF4B-00C04F79EFBC}") = "L1pirma-1", "L1pirma-1.csproj", "{C3559614-0701-4D72-955C-87D9204C7A74}"
EndProject
Project("{FAE04EC0-301F-11D3-BF4B-00C04F79EFBC}") = "L1pirma-2", "..\L1pirma-2\L1pirma-2.csproj", "{16A20FB6-C146-4EAC-B968-F0C6D436B9F8}"
EndProject
Project("{FAE04EC0-301F-11D3-BF4B-00C04F79EFBC}") = "L1antra-1", "L1antra-1\L1antra-1.csproj", "{E91EE473-B944-4FC2-ACE4-16962DF4A69B}"
EndProject
Project("{FAE04EC0-301F-11D3-BF4B-00C04F79EFBC}") = "L1antra-2", "L1antra-2\L1antra-2.csproj", "{A97AEA8A-BE7A-4973-B60D-604095DC1AC4}"
EndProject
Global
	GlobalSection(SolutionConfigurationPlatforms) = preSolution
		Debug|Any CPU = Debug|Any CPU
		Release|Any CPU = Release|Any CPU
	EndGlobalSection
	GlobalSection(ProjectConfigurationPlatforms) = postSolution
		{C3559614-0701-4D72-955C-87D9204C7A74}.Debug|Any CPU.ActiveCfg = Debug|Any CPU
		{C3559614-0701-4D72-955C-87D9204C7A74}.Debug|Any CPU.Build.0 = Debug|Any CPU
		{C3559614-0701-4D72-955C-87D9204C7A74}.Release|Any CPU.ActiveCfg = Release|Any CPU
		{C3559614-0701-4D72-955C-87D9204C7A74}.Release|Any CPU.Build.0 = Release|Any CPU
		{16A20FB6-C146-4EAC-B968-F0C6D436B9F8}.Debug|Any CPU.ActiveCfg = Debug|Any CPU
		{16A20FB6-C146-4EAC-B968-F0C6D436B9F8}.Debug|Any CPU.Build.0 = Debug|Any CPU
		{16A20FB6-C146-4EAC-B968-F0C6D436B9F8}.Release|Any CPU.ActiveCfg = Release|Any CPU
		{16A20FB6-C146-4EAC-B968-F0C6D436B9F8}.Release|Any CPU.Build.0 = Release|Any CPU
		{E91EE473-B944-4FC2-ACE4-16962DF4A69B}.Debug|Any CPU.ActiveCfg = Debug|Any CPU
		{E91EE473-B944-4FC2-ACE4-16962DF4A69B}.Debug|Any CPU.Build.0 = Debug|Any CPU
		{E91EE473-B944-4FC2-ACE4-16962DF4A69B}.Release|Any CPU.ActiveCfg = Release|Any CPU
		{E91EE473-B944-4FC2-ACE4-16962DF4A69B}.Release|Any CPU.Build.0 = Release|Any CPU
		{A97AEA8A-BE7A-4973-B60D-604095DC1AC4}.Debug|Any CPU.ActiveCfg = Debug|Any CPU
		{A97AEA8A-BE7A-4973-B60D-604095DC1AC4}.Debug|Any CPU.Build.0 = Debug|Any CPU
		{A97AEA8A-BE7A-4973-B60D-604095DC1AC4}.Release|Any CPU.ActiveCfg = Release|Any CPU
		{A97AEA8A-BE7A-4973-B60D-604095DC1AC4}.Release|Any CPU.Build.0 = Release|Any CPU
	EndGlobalSection
	GlobalSection(SolutionProperties) = preSolution
		HideSolutionNode = FALSE
	EndGlobalSection
EndGlobal
