
Microsoft Visual Studio Solution File, Format Version 12.00
# Visual Studio 15
VisualStudioVersion = 15.0.27004.2009
MinimumVisualStudioVersion = 10.0.40219.1
Project("{FAE04EC0-301F-11D3-BF4B-00C04F79EFBC}") = "P3", "P3\P3.csproj", "{E3BAFBF3-0FA4-4C8E-B06A-0AFCF47ECAC3}"
EndProject
Global
	GlobalSection(SolutionConfigurationPlatforms) = preSolution
		Debug|Any CPU = Debug|Any CPU
		Release|Any CPU = Release|Any CPU
	EndGlobalSection
	GlobalSection(ProjectConfigurationPlatforms) = postSolution
		{E3BAFBF3-0FA4-4C8E-B06A-0AFCF47ECAC3}.Debug|Any CPU.ActiveCfg = Debug|Any CPU
		{E3BAFBF3-0FA4-4C8E-B06A-0AFCF47ECAC3}.Debug|Any CPU.Build.0 = Debug|Any CPU
		{E3BAFBF3-0FA4-4C8E-B06A-0AFCF47ECAC3}.Release|Any CPU.ActiveCfg = Release|Any CPU
		{E3BAFBF3-0FA4-4C8E-B06A-0AFCF47ECAC3}.Release|Any CPU.Build.0 = Release|Any CPU
	EndGlobalSection
	GlobalSection(SolutionProperties) = preSolution
		HideSolutionNode = FALSE
	EndGlobalSection
	GlobalSection(ExtensibilityGlobals) = postSolution
		SolutionGuid = {CB2B618C-84C5-4FF9-9ACF-F70CA31968B4}
	EndGlobalSection
EndGlobal
