
Microsoft Visual Studio Solution File, Format Version 12.00
# Visual Studio 15
VisualStudioVersion = 15.0.27130.2024
MinimumVisualStudioVersion = 10.0.40219.1
Project("{E24C65DC-7377-472B-9ABA-BC803B73C61A}") = "PirmasWeb", "PirmasWeb\", "{3082AF78-33FE-4ED3-AD13-9B78CEC5FD36}"
	ProjectSection(WebsiteProperties) = preProject
		TargetFrameworkMoniker = ".NETFramework,Version%3Dv4.6.1"
		Debug.AspNetCompiler.VirtualPath = "/localhost_51216"
		Debug.AspNetCompiler.PhysicalPath = "PirmasWeb\"
		Debug.AspNetCompiler.TargetPath = "PrecompiledWeb\localhost_51216\"
		Debug.AspNetCompiler.Updateable = "true"
		Debug.AspNetCompiler.ForceOverwrite = "true"
		Debug.AspNetCompiler.FixedNames = "false"
		Debug.AspNetCompiler.Debug = "True"
		Release.AspNetCompiler.VirtualPath = "/localhost_51216"
		Release.AspNetCompiler.PhysicalPath = "PirmasWeb\"
		Release.AspNetCompiler.TargetPath = "PrecompiledWeb\localhost_51216\"
		Release.AspNetCompiler.Updateable = "true"
		Release.AspNetCompiler.ForceOverwrite = "true"
		Release.AspNetCompiler.FixedNames = "false"
		Release.AspNetCompiler.Debug = "False"
		VWDPort = "51216"
		SlnRelativePath = "PirmasWeb\"
		DefaultWebSiteLanguage = "Visual C#"
	EndProjectSection
EndProject
Global
	GlobalSection(SolutionConfigurationPlatforms) = preSolution
		Debug|Any CPU = Debug|Any CPU
	EndGlobalSection
	GlobalSection(ProjectConfigurationPlatforms) = postSolution
		{3082AF78-33FE-4ED3-AD13-9B78CEC5FD36}.Debug|Any CPU.ActiveCfg = Debug|Any CPU
		{3082AF78-33FE-4ED3-AD13-9B78CEC5FD36}.Debug|Any CPU.Build.0 = Debug|Any CPU
	EndGlobalSection
	GlobalSection(SolutionProperties) = preSolution
		HideSolutionNode = FALSE
	EndGlobalSection
	GlobalSection(ExtensibilityGlobals) = postSolution
		SolutionGuid = {CEFA3E7E-EE1D-4AC4-9DDE-8766FD196E09}
	EndGlobalSection
EndGlobal
