
Microsoft Visual Studio Solution File, Format Version 12.00
# Visual Studio 14
VisualStudioVersion = 14.0.25420.1
MinimumVisualStudioVersion = 10.0.40219.1
Project("{FAE04EC0-301F-11D3-BF4B-00C04F79EFBC}") = "Sodas", "..\Sodas\Sodas.csproj", "{0C6ED806-41F3-4091-A9B8-6D8602A2AF5F}"
EndProject
Project("{FAE04EC0-301F-11D3-BF4B-00C04F79EFBC}") = "Savarankiškas_4_1", "Savarankiškas_4_1\Savarankiškas_4_1.csproj", "{63DD6A45-CDFF-4A92-A69A-04EF86E648BA}"
EndProject
Project("{FAE04EC0-301F-11D3-BF4B-00C04F79EFBC}") = "Savarankiškas_4_2", "Savarankiškas_4_2\Savarankiškas_4_2.csproj", "{8DBB5B41-18B7-4172-B962-8A9415D3E5C5}"
EndProject
Project("{FAE04EC0-301F-11D3-BF4B-00C04F79EFBC}") = "U4_22", "U4_22\U4_22.csproj", "{BEE951F8-83C5-438B-836D-5DC87A0FB806}"
EndProject
Global
	GlobalSection(SolutionConfigurationPlatforms) = preSolution
		Debug|Any CPU = Debug|Any CPU
		Release|Any CPU = Release|Any CPU
	EndGlobalSection
	GlobalSection(ProjectConfigurationPlatforms) = postSolution
		{0C6ED806-41F3-4091-A9B8-6D8602A2AF5F}.Debug|Any CPU.ActiveCfg = Debug|Any CPU
		{0C6ED806-41F3-4091-A9B8-6D8602A2AF5F}.Debug|Any CPU.Build.0 = Debug|Any CPU
		{0C6ED806-41F3-4091-A9B8-6D8602A2AF5F}.Release|Any CPU.ActiveCfg = Release|Any CPU
		{0C6ED806-41F3-4091-A9B8-6D8602A2AF5F}.Release|Any CPU.Build.0 = Release|Any CPU
		{63DD6A45-CDFF-4A92-A69A-04EF86E648BA}.Debug|Any CPU.ActiveCfg = Debug|Any CPU
		{63DD6A45-CDFF-4A92-A69A-04EF86E648BA}.Debug|Any CPU.Build.0 = Debug|Any CPU
		{63DD6A45-CDFF-4A92-A69A-04EF86E648BA}.Release|Any CPU.ActiveCfg = Release|Any CPU
		{63DD6A45-CDFF-4A92-A69A-04EF86E648BA}.Release|Any CPU.Build.0 = Release|Any CPU
		{8DBB5B41-18B7-4172-B962-8A9415D3E5C5}.Debug|Any CPU.ActiveCfg = Debug|Any CPU
		{8DBB5B41-18B7-4172-B962-8A9415D3E5C5}.Debug|Any CPU.Build.0 = Debug|Any CPU
		{8DBB5B41-18B7-4172-B962-8A9415D3E5C5}.Release|Any CPU.ActiveCfg = Release|Any CPU
		{8DBB5B41-18B7-4172-B962-8A9415D3E5C5}.Release|Any CPU.Build.0 = Release|Any CPU
		{BEE951F8-83C5-438B-836D-5DC87A0FB806}.Debug|Any CPU.ActiveCfg = Debug|Any CPU
		{BEE951F8-83C5-438B-836D-5DC87A0FB806}.Debug|Any CPU.Build.0 = Debug|Any CPU
		{BEE951F8-83C5-438B-836D-5DC87A0FB806}.Release|Any CPU.ActiveCfg = Release|Any CPU
		{BEE951F8-83C5-438B-836D-5DC87A0FB806}.Release|Any CPU.Build.0 = Release|Any CPU
	EndGlobalSection
	GlobalSection(SolutionProperties) = preSolution
		HideSolutionNode = FALSE
	EndGlobalSection
EndGlobal
